// !$*UTF8*$!
{
	archiveVersion = 1;
	classes = {
	};
	objectVersion = 45;
	objects = {

/* Begin PBXBuildFile section */
		286825B60FE7831B00A1477C /* LLLayout.m in Sources */ = {isa = PBXBuildFile; fileRef = 286825B30FE7831B00A1477C /* LLLayout.m */; };
		286825B70FE7831B00A1477C /* LLVerticalLayout.m in Sources */ = {isa = PBXBuildFile; fileRef = 286825B40FE7831B00A1477C /* LLVerticalLayout.m */; };
		286825B80FE7831B00A1477C /* UIViewAdditions.m in Sources */ = {isa = PBXBuildFile; fileRef = 286825B50FE7831B00A1477C /* UIViewAdditions.m */; };
		286825BD0FE7832500A1477C /* LazyLayouts.h in Headers */ = {isa = PBXBuildFile; fileRef = 286825B90FE7832500A1477C /* LazyLayouts.h */; };
		286825BE0FE7832500A1477C /* LLLayout.h in Headers */ = {isa = PBXBuildFile; fileRef = 286825BA0FE7832500A1477C /* LLLayout.h */; };
		286825BF0FE7832500A1477C /* LLVerticalLayout.h in Headers */ = {isa = PBXBuildFile; fileRef = 286825BB0FE7832500A1477C /* LLVerticalLayout.h */; };
		286825C00FE7832500A1477C /* UIViewAdditions.h in Headers */ = {isa = PBXBuildFile; fileRef = 286825BC0FE7832500A1477C /* UIViewAdditions.h */; };
		286825C30FE7834500A1477C /* UIKit.framework in Frameworks */ = {isa = PBXBuildFile; fileRef = 286825C20FE7834500A1477C /* UIKit.framework */; };
		AA747D9F0F9514B9006C5449 /* LazyLayouts_Prefix.pch in Headers */ = {isa = PBXBuildFile; fileRef = AA747D9E0F9514B9006C5449 /* LazyLayouts_Prefix.pch */; };
		AACBBE4A0F95108600F1A2B1 /* Foundation.framework in Frameworks */ = {isa = PBXBuildFile; fileRef = AACBBE490F95108600F1A2B1 /* Foundation.framework */; };
/* End PBXBuildFile section */

/* Begin PBXFileReference section */
		286825B30FE7831B00A1477C /* LLLayout.m */ = {isa = PBXFileReference; fileEncoding = 4; lastKnownFileType = sourcecode.c.objc; path = LLLayout.m; sourceTree = "<group>"; };
		286825B40FE7831B00A1477C /* LLVerticalLayout.m */ = {isa = PBXFileReference; fileEncoding = 4; lastKnownFileType = sourcecode.c.objc; path = LLVerticalLayout.m; sourceTree = "<group>"; };
		286825B50FE7831B00A1477C /* UIViewAdditions.m */ = {isa = PBXFileReference; fileEncoding = 4; lastKnownFileType = sourcecode.c.objc; path = UIViewAdditions.m; sourceTree = "<group>"; };
		286825B90FE7832500A1477C /* LazyLayouts.h */ = {isa = PBXFileReference; fileEncoding = 4; lastKnownFileType = sourcecode.c.h; name = LazyLayouts.h; path = LazyLayouts/LazyLayouts.h; sourceTree = "<group>"; };
		286825BA0FE7832500A1477C /* LLLayout.h */ = {isa = PBXFileReference; fileEncoding = 4; lastKnownFileType = sourcecode.c.h; name = LLLayout.h; path = LazyLayouts/LLLayout.h; sourceTree = "<group>"; };
		286825BB0FE7832500A1477C /* LLVerticalLayout.h */ = {isa = PBXFileReference; fileEncoding = 4; lastKnownFileType = sourcecode.c.h; name = LLVerticalLayout.h; path = LazyLayouts/LLVerticalLayout.h; sourceTree = "<group>"; };
		286825BC0FE7832500A1477C /* UIViewAdditions.h */ = {isa = PBXFileReference; fileEncoding = 4; lastKnownFileType = sourcecode.c.h; name = UIViewAdditions.h; path = LazyLayouts/UIViewAdditions.h; sourceTree = "<group>"; };
		286825C20FE7834500A1477C /* UIKit.framework */ = {isa = PBXFileReference; lastKnownFileType = wrapper.framework; name = UIKit.framework; path = System/Library/Frameworks/UIKit.framework; sourceTree = SDKROOT; };
		AA747D9E0F9514B9006C5449 /* LazyLayouts_Prefix.pch */ = {isa = PBXFileReference; fileEncoding = 4; lastKnownFileType = sourcecode.c.h; path = LazyLayouts_Prefix.pch; sourceTree = SOURCE_ROOT; };
		AACBBE490F95108600F1A2B1 /* Foundation.framework */ = {isa = PBXFileReference; lastKnownFileType = wrapper.framework; name = Foundation.framework; path = System/Library/Frameworks/Foundation.framework; sourceTree = SDKROOT; };
		D2AAC07E0554694100DB518D /* libLazyLayouts.a */ = {isa = PBXFileReference; explicitFileType = archive.ar; includeInIndex = 0; path = libLazyLayouts.a; sourceTree = BUILT_PRODUCTS_DIR; };
/* End PBXFileReference section */

/* Begin PBXFrameworksBuildPhase section */
		D2AAC07C0554694100DB518D /* Frameworks */ = {
			isa = PBXFrameworksBuildPhase;
			buildActionMask = 2147483647;
			files = (
				AACBBE4A0F95108600F1A2B1 /* Foundation.framework in Frameworks */,
				286825C30FE7834500A1477C /* UIKit.framework in Frameworks */,
			);
			runOnlyForDeploymentPostprocessing = 0;
		};
/* End PBXFrameworksBuildPhase section */

/* Begin PBXGroup section */
		034768DFFF38A50411DB9C8B /* Products */ = {
			isa = PBXGroup;
			children = (
				D2AAC07E0554694100DB518D /* libLazyLayouts.a */,
			);
			name = Products;
			sourceTree = "<group>";
		};
		0867D691FE84028FC02AAC07 /* LazyLayouts */ = {
			isa = PBXGroup;
			children = (
				08FB77AEFE84172EC02AAC07 /* Classes */,
				32C88DFF0371C24200C91783 /* Other Sources */,
				0867D69AFE84028FC02AAC07 /* Frameworks */,
				034768DFFF38A50411DB9C8B /* Products */,
			);
			name = LazyLayouts;
			sourceTree = "<group>";
		};
		0867D69AFE84028FC02AAC07 /* Frameworks */ = {
			isa = PBXGroup;
			children = (
				286825C20FE7834500A1477C /* UIKit.framework */,
				AACBBE490F95108600F1A2B1 /* Foundation.framework */,
			);
			name = Frameworks;
			sourceTree = "<group>";
		};
		08FB77AEFE84172EC02AAC07 /* Classes */ = {
			isa = PBXGroup;
			children = (
				286825B90FE7832500A1477C /* LazyLayouts.h */,
				286825BA0FE7832500A1477C /* LLLayout.h */,
				286825B30FE7831B00A1477C /* LLLayout.m */,
				286825BB0FE7832500A1477C /* LLVerticalLayout.h */,
				286825B40FE7831B00A1477C /* LLVerticalLayout.m */,
				286825BC0FE7832500A1477C /* UIViewAdditions.h */,
				286825B50FE7831B00A1477C /* UIViewAdditions.m */,
			);
			name = Classes;
			sourceTree = "<group>";
		};
		32C88DFF0371C24200C91783 /* Other Sources */ = {
			isa = PBXGroup;
			children = (
				AA747D9E0F9514B9006C5449 /* LazyLayouts_Prefix.pch */,
			);
			name = "Other Sources";
			sourceTree = "<group>";
		};
/* End PBXGroup section */

/* Begin PBXHeadersBuildPhase section */
		D2AAC07A0554694100DB518D /* Headers */ = {
			isa = PBXHeadersBuildPhase;
			buildActionMask = 2147483647;
			files = (
				AA747D9F0F9514B9006C5449 /* LazyLayouts_Prefix.pch in Headers */,
				286825BD0FE7832500A1477C /* LazyLayouts.h in Headers */,
				286825BE0FE7832500A1477C /* LLLayout.h in Headers */,
				286825BF0FE7832500A1477C /* LLVerticalLayout.h in Headers */,
				286825C00FE7832500A1477C /* UIViewAdditions.h in Headers */,
			);
			runOnlyForDeploymentPostprocessing = 0;
		};
/* End PBXHeadersBuildPhase section */

/* Begin PBXNativeTarget section */
		D2AAC07D0554694100DB518D /* LazyLayouts */ = {
			isa = PBXNativeTarget;
			buildConfigurationList = 1DEB921E08733DC00010E9CD /* Build configuration list for PBXNativeTarget "LazyLayouts" */;
			buildPhases = (
				D2AAC07A0554694100DB518D /* Headers */,
				D2AAC07B0554694100DB518D /* Sources */,
				D2AAC07C0554694100DB518D /* Frameworks */,
			);
			buildRules = (
			);
			dependencies = (
			);
			name = LazyLayouts;
			productName = LazyLayouts;
			productReference = D2AAC07E0554694100DB518D /* libLazyLayouts.a */;
			productType = "com.apple.product-type.library.static";
		};
/* End PBXNativeTarget section */

/* Begin PBXProject section */
		0867D690FE84028FC02AAC07 /* Project object */ = {
			isa = PBXProject;
			buildConfigurationList = 1DEB922208733DC00010E9CD /* Build configuration list for PBXProject "LazyLayouts" */;
			compatibilityVersion = "Xcode 3.1";
			hasScannedForEncodings = 1;
			mainGroup = 0867D691FE84028FC02AAC07 /* LazyLayouts */;
			productRefGroup = 034768DFFF38A50411DB9C8B /* Products */;
			projectDirPath = "";
			projectRoot = "";
			targets = (
				D2AAC07D0554694100DB518D /* LazyLayouts */,
			);
		};
/* End PBXProject section */

/* Begin PBXSourcesBuildPhase section */
		D2AAC07B0554694100DB518D /* Sources */ = {
			isa = PBXSourcesBuildPhase;
			buildActionMask = 2147483647;
			files = (
				286825B60FE7831B00A1477C /* LLLayout.m in Sources */,
				286825B70FE7831B00A1477C /* LLVerticalLayout.m in Sources */,
				286825B80FE7831B00A1477C /* UIViewAdditions.m in Sources */,
			);
			runOnlyForDeploymentPostprocessing = 0;
		};
/* End PBXSourcesBuildPhase section */

/* Begin XCBuildConfiguration section */
		1DEB921F08733DC00010E9CD /* Debug */ = {
			isa = XCBuildConfiguration;
			buildSettings = {
				ALWAYS_SEARCH_USER_PATHS = NO;
				ARCHS = "$(ARCHS_STANDARD_32_BIT)";
				COPY_PHASE_STRIP = NO;
				DSTROOT = /tmp/LazyLayouts.dst;
				GCC_DYNAMIC_NO_PIC = NO;
				GCC_ENABLE_FIX_AND_CONTINUE = YES;
				GCC_MODEL_TUNING = G5;
				GCC_OPTIMIZATION_LEVEL = 0;
				GCC_PRECOMPILE_PREFIX_HEADER = YES;
				GCC_PREFIX_HEADER = LazyLayouts_Prefix.pch;
				INSTALL_PATH = /usr/local/lib;
				PRODUCT_NAME = LazyLayouts;
			};
			name = Debug;
		};
		1DEB922008733DC00010E9CD /* Release */ = {
			isa = XCBuildConfiguration;
			buildSettings = {
				ALWAYS_SEARCH_USER_PATHS = NO;
				ARCHS = "$(ARCHS_STANDARD_32_BIT)";
				DSTROOT = /tmp/LazyLayouts.dst;
				GCC_MODEL_TUNING = G5;
				GCC_PRECOMPILE_PREFIX_HEADER = YES;
				GCC_PREFIX_HEADER = LazyLayouts_Prefix.pch;
				INSTALL_PATH = /usr/local/lib;
				PRODUCT_NAME = LazyLayouts;
			};
			name = Release;
		};
		1DEB922308733DC00010E9CD /* Debug */ = {
			isa = XCBuildConfiguration;
			buildSettings = {
				ARCHS = "$(ARCHS_STANDARD_32_BIT)";
				GCC_C_LANGUAGE_STANDARD = c99;
				GCC_OPTIMIZATION_LEVEL = 0;
				GCC_WARN_ABOUT_RETURN_TYPE = YES;
				GCC_WARN_UNUSED_VARIABLE = YES;
				OTHER_LDFLAGS = "-ObjC";
				PREBINDING = NO;
				SDKROOT = iphoneos3.0;
			};
			name = Debug;
		};
		1DEB922408733DC00010E9CD /* Release */ = {
			isa = XCBuildConfiguration;
			buildSettings = {
				ARCHS = "$(ARCHS_STANDARD_32_BIT)";
				GCC_C_LANGUAGE_STANDARD = c99;
				GCC_WARN_ABOUT_RETURN_TYPE = YES;
				GCC_WARN_UNUSED_VARIABLE = YES;
				OTHER_LDFLAGS = "-ObjC";
				PREBINDING = NO;
				SDKROOT = iphoneos3.0;
			};
			name = Release;
		};
/* End XCBuildConfiguration section */

/* Begin XCConfigurationList section */
		1DEB921E08733DC00010E9CD /* Build configuration list for PBXNativeTarget "LazyLayouts" */ = {
			isa = XCConfigurationList;
			buildConfigurations = (
				1DEB921F08733DC00010E9CD /* Debug */,
				1DEB922008733DC00010E9CD /* Release */,
			);
			defaultConfigurationIsVisible = 0;
			defaultConfigurationName = Release;
		};
		1DEB922208733DC00010E9CD /* Build configuration list for PBXProject "LazyLayouts" */ = {
			isa = XCConfigurationList;
			buildConfigurations = (
				1DEB922308733DC00010E9CD /* Debug */,
				1DEB922408733DC00010E9CD /* Release */,
			);
			defaultConfigurationIsVisible = 0;
			defaultConfigurationName = Release;
		};
/* End XCConfigurationList section */
	};
	rootObject = 0867D690FE84028FC02AAC07 /* Project object */;
}
